{
  "nodes": {
    "nixpkgs": {
      "locked": {
        "lastModified": 1791460686,
        "narHash": "sha256-UdP1I5vmlhtl8XPzT7oRbGNdw+psAS4pjbuTcVABN2Y=",
        "owner": "NixOS",
        "repo": "nixpkgs",
        "rev": "97139a94e7859481c758a1a79258fe09f583b2a3",
        "type": "github"
      },
      "original": {
        "owner": "NixOS",
        "ref": "master",
        "repo": "nixpkgs",
        "type": "github"
      }
    },
    "root": {
      "inputs": {
        "nixpkgs": "nixpkgs"
      }
    }
  },
  "root": "root",
  "version": 7
}
